
Microsoft Visual Studio Solution File, Format Version 12.00
# Visual Studio Version 17
VisualStudioVersion = 17.13.35825.156
MinimumVisualStudioVersion = 10.0.40219.1
Project("{2150E333-8FDC-42A3-9474-1A3956D46DE8}") = "Data", "Data", "{36D591C7-65C7-A0D1-1CBC-10CDE441BDC8}"
EndProject
Project("{2150E333-8FDC-42A3-9474-1A3956D46DE8}") = "Services", "Services", "{51DEB0D5-2E97-4D93-B62A-A36DEE715A12}"
EndProject
Project("{2150E333-8FDC-42A3-9474-1A3956D46DE8}") = "Shared", "Shared", "{FEFE0151-C007-4BAE-85D3-87DDB2138D9A}"
EndProject
Project("{2150E333-8FDC-42A3-9474-1A3956D46DE8}") = "Systems", "Systems", "{36B82DD5-0FAF-443D-A06E-73D567F4C24C}"
EndProject
Project("{2150E333-8FDC-42A3-9474-1A3956D46DE8}") = "Test", "Test", "{38C3CBE0-D01A-475F-B7F5-49767C39B07F}"
EndProject
Project("{2150E333-8FDC-42A3-9474-1A3956D46DE8}") = "Api", "Api", "{6081D1DA-32FC-46D4-93FB-88708E71A1C7}"
EndProject
Project("{2150E333-8FDC-42A3-9474-1A3956D46DE8}") = "Worker", "Worker", "{C438A82F-41EE-4B83-9810-312FE8678D47}"
EndProject
Project("{2150E333-8FDC-42A3-9474-1A3956D46DE8}") = "Web", "Web", "{E5024480-44DD-442F-9084-B31658E60671}"
EndProject
Project("{2150E333-8FDC-42A3-9474-1A3956D46DE8}") = "Indentity", "Indentity", "{F40545AC-C8A4-43A1-8517-562FCF64FB9E}"
EndProject
Project("{FAE04EC0-301F-11D3-BF4B-00C04F79EFBC}") = "Shop.Api", "Systems\Api\Shop.Api\Shop.Api.csproj", "{725C3C9C-D062-44E8-B564-3C9D49FDC3DD}"
EndProject
Project("{FAE04EC0-301F-11D3-BF4B-00C04F79EFBC}") = "Shop.Worker", "Systems\Worker\Shop.Worker\Shop.Worker.csproj", "{755913CC-41D6-48B0-871C-6650E794B775}"
EndProject
Project("{FAE04EC0-301F-11D3-BF4B-00C04F79EFBC}") = "Shop.Common", "Shared\Shop.Common\Shop.Common.csproj", "{9CAD90E9-F79D-4FEE-986C-66E5A6FE11B4}"
EndProject
Project("{FAE04EC0-301F-11D3-BF4B-00C04F79EFBC}") = "Shop.Servisec.Settings", "Services\Shop.Servisec.Settings\Shop.Servisec.Settings.csproj", "{5E905C22-C60E-48D1-A320-F6304F8615F3}"
EndProject
Project("{FAE04EC0-301F-11D3-BF4B-00C04F79EFBC}") = "Shop.Servisec.Logger", "Services\Shop.Servisec.Logger\Shop.Servisec.Logger.csproj", "{89669E7E-65D6-464C-8328-7AD117E9F11D}"
EndProject
Project("{2150E333-8FDC-42A3-9474-1A3956D46DE8}") = "Migrations", "Migrations", "{02EA681E-C7D8-13C7-8484-4AC65E1B71E8}"
EndProject
Project("{FAE04EC0-301F-11D3-BF4B-00C04F79EFBC}") = "Shop.Context.Migrations.PgSql", "Data\Shop.Context.Migrations\Shop.Context.Migrations.PgSql\Shop.Context.Migrations.PgSql.csproj", "{61AE1675-DF47-434B-BC3F-7BCEEA51EEFB}"
EndProject
Project("{FAE04EC0-301F-11D3-BF4B-00C04F79EFBC}") = "Shop.Context.Entities", "Data\Shop.Context.Entities\Shop.Context.Entities.csproj", "{6FB6F686-A199-FC74-63D0-595CFA246FC9}"
EndProject
Project("{FAE04EC0-301F-11D3-BF4B-00C04F79EFBC}") = "Shop.Context", "Data\Shop.Context\Shop.Context.csproj", "{AA609BE4-0787-50CC-A8A8-AB08E18124E2}"
EndProject
Project("{FAE04EC0-301F-11D3-BF4B-00C04F79EFBC}") = "Shop.Context.Migrations.MSSQL", "Data\Shop.Context.Migrations\Shop.Context.Migrations.MSSQL\Shop.Context.Migrations.MSSQL.csproj", "{48F58CF5-4801-43C1-89F0-1C190CD92A2E}"
EndProject
Global
	GlobalSection(SolutionConfigurationPlatforms) = preSolution
		Debug|Any CPU = Debug|Any CPU
		Release|Any CPU = Release|Any CPU
	EndGlobalSection
	GlobalSection(ProjectConfigurationPlatforms) = postSolution
		{725C3C9C-D062-44E8-B564-3C9D49FDC3DD}.Debug|Any CPU.ActiveCfg = Debug|Any CPU
		{725C3C9C-D062-44E8-B564-3C9D49FDC3DD}.Debug|Any CPU.Build.0 = Debug|Any CPU
		{725C3C9C-D062-44E8-B564-3C9D49FDC3DD}.Release|Any CPU.ActiveCfg = Release|Any CPU
		{725C3C9C-D062-44E8-B564-3C9D49FDC3DD}.Release|Any CPU.Build.0 = Release|Any CPU
		{755913CC-41D6-48B0-871C-6650E794B775}.Debug|Any CPU.ActiveCfg = Debug|Any CPU
		{755913CC-41D6-48B0-871C-6650E794B775}.Debug|Any CPU.Build.0 = Debug|Any CPU
		{755913CC-41D6-48B0-871C-6650E794B775}.Release|Any CPU.ActiveCfg = Release|Any CPU
		{755913CC-41D6-48B0-871C-6650E794B775}.Release|Any CPU.Build.0 = Release|Any CPU
		{9CAD90E9-F79D-4FEE-986C-66E5A6FE11B4}.Debug|Any CPU.ActiveCfg = Debug|Any CPU
		{9CAD90E9-F79D-4FEE-986C-66E5A6FE11B4}.Debug|Any CPU.Build.0 = Debug|Any CPU
		{9CAD90E9-F79D-4FEE-986C-66E5A6FE11B4}.Release|Any CPU.ActiveCfg = Release|Any CPU
		{9CAD90E9-F79D-4FEE-986C-66E5A6FE11B4}.Release|Any CPU.Build.0 = Release|Any CPU
		{5E905C22-C60E-48D1-A320-F6304F8615F3}.Debug|Any CPU.ActiveCfg = Debug|Any CPU
		{5E905C22-C60E-48D1-A320-F6304F8615F3}.Debug|Any CPU.Build.0 = Debug|Any CPU
		{5E905C22-C60E-48D1-A320-F6304F8615F3}.Release|Any CPU.ActiveCfg = Release|Any CPU
		{5E905C22-C60E-48D1-A320-F6304F8615F3}.Release|Any CPU.Build.0 = Release|Any CPU
		{89669E7E-65D6-464C-8328-7AD117E9F11D}.Debug|Any CPU.ActiveCfg = Debug|Any CPU
		{89669E7E-65D6-464C-8328-7AD117E9F11D}.Debug|Any CPU.Build.0 = Debug|Any CPU
		{89669E7E-65D6-464C-8328-7AD117E9F11D}.Release|Any CPU.ActiveCfg = Release|Any CPU
		{89669E7E-65D6-464C-8328-7AD117E9F11D}.Release|Any CPU.Build.0 = Release|Any CPU
		{61AE1675-DF47-434B-BC3F-7BCEEA51EEFB}.Debug|Any CPU.ActiveCfg = Debug|Any CPU
		{61AE1675-DF47-434B-BC3F-7BCEEA51EEFB}.Debug|Any CPU.Build.0 = Debug|Any CPU
		{61AE1675-DF47-434B-BC3F-7BCEEA51EEFB}.Release|Any CPU.ActiveCfg = Release|Any CPU
		{61AE1675-DF47-434B-BC3F-7BCEEA51EEFB}.Release|Any CPU.Build.0 = Release|Any CPU
		{6FB6F686-A199-FC74-63D0-595CFA246FC9}.Debug|Any CPU.ActiveCfg = Debug|Any CPU
		{6FB6F686-A199-FC74-63D0-595CFA246FC9}.Debug|Any CPU.Build.0 = Debug|Any CPU
		{6FB6F686-A199-FC74-63D0-595CFA246FC9}.Release|Any CPU.ActiveCfg = Release|Any CPU
		{6FB6F686-A199-FC74-63D0-595CFA246FC9}.Release|Any CPU.Build.0 = Release|Any CPU
		{AA609BE4-0787-50CC-A8A8-AB08E18124E2}.Debug|Any CPU.ActiveCfg = Debug|Any CPU
		{AA609BE4-0787-50CC-A8A8-AB08E18124E2}.Debug|Any CPU.Build.0 = Debug|Any CPU
		{AA609BE4-0787-50CC-A8A8-AB08E18124E2}.Release|Any CPU.ActiveCfg = Release|Any CPU
		{AA609BE4-0787-50CC-A8A8-AB08E18124E2}.Release|Any CPU.Build.0 = Release|Any CPU
		{48F58CF5-4801-43C1-89F0-1C190CD92A2E}.Debug|Any CPU.ActiveCfg = Debug|Any CPU
		{48F58CF5-4801-43C1-89F0-1C190CD92A2E}.Debug|Any CPU.Build.0 = Debug|Any CPU
		{48F58CF5-4801-43C1-89F0-1C190CD92A2E}.Release|Any CPU.ActiveCfg = Release|Any CPU
		{48F58CF5-4801-43C1-89F0-1C190CD92A2E}.Release|Any CPU.Build.0 = Release|Any CPU
	EndGlobalSection
	GlobalSection(SolutionProperties) = preSolution
		HideSolutionNode = FALSE
	EndGlobalSection
	GlobalSection(NestedProjects) = preSolution
		{6081D1DA-32FC-46D4-93FB-88708E71A1C7} = {36B82DD5-0FAF-443D-A06E-73D567F4C24C}
		{C438A82F-41EE-4B83-9810-312FE8678D47} = {36B82DD5-0FAF-443D-A06E-73D567F4C24C}
		{E5024480-44DD-442F-9084-B31658E60671} = {36B82DD5-0FAF-443D-A06E-73D567F4C24C}
		{F40545AC-C8A4-43A1-8517-562FCF64FB9E} = {36B82DD5-0FAF-443D-A06E-73D567F4C24C}
		{725C3C9C-D062-44E8-B564-3C9D49FDC3DD} = {6081D1DA-32FC-46D4-93FB-88708E71A1C7}
		{755913CC-41D6-48B0-871C-6650E794B775} = {C438A82F-41EE-4B83-9810-312FE8678D47}
		{9CAD90E9-F79D-4FEE-986C-66E5A6FE11B4} = {FEFE0151-C007-4BAE-85D3-87DDB2138D9A}
		{5E905C22-C60E-48D1-A320-F6304F8615F3} = {51DEB0D5-2E97-4D93-B62A-A36DEE715A12}
		{89669E7E-65D6-464C-8328-7AD117E9F11D} = {51DEB0D5-2E97-4D93-B62A-A36DEE715A12}
		{02EA681E-C7D8-13C7-8484-4AC65E1B71E8} = {36D591C7-65C7-A0D1-1CBC-10CDE441BDC8}
		{61AE1675-DF47-434B-BC3F-7BCEEA51EEFB} = {02EA681E-C7D8-13C7-8484-4AC65E1B71E8}
		{6FB6F686-A199-FC74-63D0-595CFA246FC9} = {36D591C7-65C7-A0D1-1CBC-10CDE441BDC8}
		{AA609BE4-0787-50CC-A8A8-AB08E18124E2} = {36D591C7-65C7-A0D1-1CBC-10CDE441BDC8}
		{48F58CF5-4801-43C1-89F0-1C190CD92A2E} = {02EA681E-C7D8-13C7-8484-4AC65E1B71E8}
	EndGlobalSection
	GlobalSection(ExtensibilityGlobals) = postSolution
		SolutionGuid = {3D03FFAB-A8F6-4B2B-A9BE-C381A5759C0E}
	EndGlobalSection
EndGlobal
